
Microsoft Visual Studio Solution File, Format Version 12.00
# Visual Studio Version 17
VisualStudioVersion = 17.3.32929.385
MinimumVisualStudioVersion = 10.0.40219.1
Project("{FAE04EC0-301F-11D3-BF4B-00C04F79EFBC}") = "SplitPeWebAPI", "SplitPeWebAPI\SplitPeWebAPI.csproj", "{CC03DBC6-230F-4251-AFE9-8270C97B53EE}"
EndProject
Global
	GlobalSection(SolutionConfigurationPlatforms) = preSolution
		Debug|Any CPU = Debug|Any CPU
		Release|Any CPU = Release|Any CPU
	EndGlobalSection
	GlobalSection(ProjectConfigurationPlatforms) = postSolution
		{CC03DBC6-230F-4251-AFE9-8270C97B53EE}.Debug|Any CPU.ActiveCfg = Debug|Any CPU
		{CC03DBC6-230F-4251-AFE9-8270C97B53EE}.Debug|Any CPU.Build.0 = Debug|Any CPU
		{CC03DBC6-230F-4251-AFE9-8270C97B53EE}.Release|Any CPU.ActiveCfg = Release|Any CPU
		{CC03DBC6-230F-4251-AFE9-8270C97B53EE}.Release|Any CPU.Build.0 = Release|Any CPU
	EndGlobalSection
	GlobalSection(SolutionProperties) = preSolution
		HideSolutionNode = FALSE
	EndGlobalSection
	GlobalSection(ExtensibilityGlobals) = postSolution
		SolutionGuid = {BC1B6D50-ED52-475F-A528-3C797D4333FD}
	EndGlobalSection
EndGlobal
